// !$*UTF8*$!
{
	archiveVersion = 1;
	classes = {
	};
	objectVersion = 50;
	objects = {

/* Begin PBXBuildFile section */
		FF18D99B2613B58200837F66 /* ColorView.swift in Sources */ = {isa = PBXBuildFile; fileRef = FF18D99A2613B58200837F66 /* ColorView.swift */; };
		FFCFB061261361D1004C82D3 /* ColorAppSwiftUIApp.swift in Sources */ = {isa = PBXBuildFile; fileRef = FFCFB060261361D1004C82D3 /* ColorAppSwiftUIApp.swift */; };
		FFCFB063261361D1004C82D3 /* ContentView.swift in Sources */ = {isa = PBXBuildFile; fileRef = FFCFB062261361D1004C82D3 /* ContentView.swift */; };
		FFCFB065261361D8004C82D3 /* Assets.xcassets in Resources */ = {isa = PBXBuildFile; fileRef = FFCFB064261361D8004C82D3 /* Assets.xcassets */; };
		FFCFB068261361D8004C82D3 /* Preview Assets.xcassets in Resources */ = {isa = PBXBuildFile; fileRef = FFCFB067261361D8004C82D3 /* Preview Assets.xcassets */; };
		FFCFB072261363D3004C82D3 /* SliderColor.swift in Sources */ = {isa = PBXBuildFile; fileRef = FFCFB071261363D3004C82D3 /* SliderColor.swift */; };
		FFCFB07526136532004C82D3 /* ColorTextField.swift in Sources */ = {isa = PBXBuildFile; fileRef = FFCFB07426136532004C82D3 /* ColorTextField.swift */; };
/* End PBXBuildFile section */

/* Begin PBXFileReference section */
		FF18D99A2613B58200837F66 /* ColorView.swift */ = {isa = PBXFileReference; lastKnownFileType = sourcecode.swift; path = ColorView.swift; sourceTree = "<group>"; };
		FFCFB05D261361D1004C82D3 /* ColorAppSwiftUI.app */ = {isa = PBXFileReference; explicitFileType = wrapper.application; includeInIndex = 0; path = ColorAppSwiftUI.app; sourceTree = BUILT_PRODUCTS_DIR; };
		FFCFB060261361D1004C82D3 /* ColorAppSwiftUIApp.swift */ = {isa = PBXFileReference; lastKnownFileType = sourcecode.swift; path = ColorAppSwiftUIApp.swift; sourceTree = "<group>"; };
		FFCFB062261361D1004C82D3 /* ContentView.swift */ = {isa = PBXFileReference; lastKnownFileType = sourcecode.swift; path = ContentView.swift; sourceTree = "<group>"; };
		FFCFB064261361D8004C82D3 /* Assets.xcassets */ = {isa = PBXFileReference; lastKnownFileType = folder.assetcatalog; path = Assets.xcassets; sourceTree = "<group>"; };
		FFCFB067261361D8004C82D3 /* Preview Assets.xcassets */ = {isa = PBXFileReference; lastKnownFileType = folder.assetcatalog; path = "Preview Assets.xcassets"; sourceTree = "<group>"; };
		FFCFB069261361D8004C82D3 /* Info.plist */ = {isa = PBXFileReference; lastKnownFileType = text.plist.xml; path = Info.plist; sourceTree = "<group>"; };
		FFCFB071261363D3004C82D3 /* SliderColor.swift */ = {isa = PBXFileReference; lastKnownFileType = sourcecode.swift; path = SliderColor.swift; sourceTree = "<group>"; };
		FFCFB07426136532004C82D3 /* ColorTextField.swift */ = {isa = PBXFileReference; lastKnownFileType = sourcecode.swift; path = ColorTextField.swift; sourceTree = "<group>"; };
/* End PBXFileReference section */

/* Begin PBXFrameworksBuildPhase section */
		FFCFB05A261361D1004C82D3 /* Frameworks */ = {
			isa = PBXFrameworksBuildPhase;
			buildActionMask = 2147483647;
			files = (
			);
			runOnlyForDeploymentPostprocessing = 0;
		};
/* End PBXFrameworksBuildPhase section */

/* Begin PBXGroup section */
		FFCFB054261361D1004C82D3 = {
			isa = PBXGroup;
			children = (
				FF18D99A2613B58200837F66 /* ColorView.swift */,
				FFCFB05F261361D1004C82D3 /* ColorAppSwiftUI */,
				FFCFB05E261361D1004C82D3 /* Products */,
			);
			sourceTree = "<group>";
		};
		FFCFB05E261361D1004C82D3 /* Products */ = {
			isa = PBXGroup;
			children = (
				FFCFB05D261361D1004C82D3 /* ColorAppSwiftUI.app */,
			);
			name = Products;
			sourceTree = "<group>";
		};
		FFCFB05F261361D1004C82D3 /* ColorAppSwiftUI */ = {
			isa = PBXGroup;
			children = (
				FFCFB060261361D1004C82D3 /* ColorAppSwiftUIApp.swift */,
				FFCFB062261361D1004C82D3 /* ContentView.swift */,
				FFCFB07426136532004C82D3 /* ColorTextField.swift */,
				FFCFB071261363D3004C82D3 /* SliderColor.swift */,
				FFCFB064261361D8004C82D3 /* Assets.xcassets */,
				FFCFB069261361D8004C82D3 /* Info.plist */,
				FFCFB066261361D8004C82D3 /* Preview Content */,
			);
			path = ColorAppSwiftUI;
			sourceTree = "<group>";
		};
		FFCFB066261361D8004C82D3 /* Preview Content */ = {
			isa = PBXGroup;
			children = (
				FFCFB067261361D8004C82D3 /* Preview Assets.xcassets */,
			);
			path = "Preview Content";
			sourceTree = "<group>";
		};
/* End PBXGroup section */

/* Begin PBXNativeTarget section */
		FFCFB05C261361D1004C82D3 /* ColorAppSwiftUI */ = {
			isa = PBXNativeTarget;
			buildConfigurationList = FFCFB06C261361D8004C82D3 /* Build configuration list for PBXNativeTarget "ColorAppSwiftUI" */;
			buildPhases = (
				FFCFB059261361D1004C82D3 /* Sources */,
				FFCFB05A261361D1004C82D3 /* Frameworks */,
				FFCFB05B261361D1004C82D3 /* Resources */,
			);
			buildRules = (
			);
			dependencies = (
			);
			name = ColorAppSwiftUI;
			productName = ColorAppSwiftUI;
			productReference = FFCFB05D261361D1004C82D3 /* ColorAppSwiftUI.app */;
			productType = "com.apple.product-type.application";
		};
/* End PBXNativeTarget section */

/* Begin PBXProject section */
		FFCFB055261361D1004C82D3 /* Project object */ = {
			isa = PBXProject;
			attributes = {
				LastSwiftUpdateCheck = 1240;
				LastUpgradeCheck = 1240;
				TargetAttributes = {
					FFCFB05C261361D1004C82D3 = {
						CreatedOnToolsVersion = 12.4;
					};
				};
			};
			buildConfigurationList = FFCFB058261361D1004C82D3 /* Build configuration list for PBXProject "ColorAppSwiftUI" */;
			compatibilityVersion = "Xcode 9.3";
			developmentRegion = en;
			hasScannedForEncodings = 0;
			knownRegions = (
				en,
				Base,
			);
			mainGroup = FFCFB054261361D1004C82D3;
			productRefGroup = FFCFB05E261361D1004C82D3 /* Products */;
			projectDirPath = "";
			projectRoot = "";
			targets = (
				FFCFB05C261361D1004C82D3 /* ColorAppSwiftUI */,
			);
		};
/* End PBXProject section */

/* Begin PBXResourcesBuildPhase section */
		FFCFB05B261361D1004C82D3 /* Resources */ = {
			isa = PBXResourcesBuildPhase;
			buildActionMask = 2147483647;
			files = (
				FFCFB068261361D8004C82D3 /* Preview Assets.xcassets in Resources */,
				FFCFB065261361D8004C82D3 /* Assets.xcassets in Resources */,
			);
			runOnlyForDeploymentPostprocessing = 0;
		};
/* End PBXResourcesBuildPhase section */

/* Begin PBXSourcesBuildPhase section */
		FFCFB059261361D1004C82D3 /* Sources */ = {
			isa = PBXSourcesBuildPhase;
			buildActionMask = 2147483647;
			files = (
				FFCFB063261361D1004C82D3 /* ContentView.swift in Sources */,
				FFCFB061261361D1004C82D3 /* ColorAppSwiftUIApp.swift in Sources */,
				FFCFB072261363D3004C82D3 /* SliderColor.swift in Sources */,
				FFCFB07526136532004C82D3 /* ColorTextField.swift in Sources */,
				FF18D99B2613B58200837F66 /* ColorView.swift in Sources */,
			);
			runOnlyForDeploymentPostprocessing = 0;
		};
/* End PBXSourcesBuildPhase section */

/* Begin XCBuildConfiguration section */
		FFCFB06A261361D8004C82D3 /* Debug */ = {
			isa = XCBuildConfiguration;
			buildSettings = {
				ALWAYS_SEARCH_USER_PATHS = NO;
				CLANG_ANALYZER_NONNULL = YES;
				CLANG_ANALYZER_NUMBER_OBJECT_CONVERSION = YES_AGGRESSIVE;
				CLANG_CXX_LANGUAGE_STANDARD = "gnu++14";
				CLANG_CXX_LIBRARY = "libc++";
				CLANG_ENABLE_MODULES = YES;
				CLANG_ENABLE_OBJC_ARC = YES;
				CLANG_ENABLE_OBJC_WEAK = YES;
				CLANG_WARN_BLOCK_CAPTURE_AUTORELEASING = YES;
				CLANG_WARN_BOOL_CONVERSION = YES;
				CLANG_WARN_COMMA = YES;
				CLANG_WARN_CONSTANT_CONVERSION = YES;
				CLANG_WARN_DEPRECATED_OBJC_IMPLEMENTATIONS = YES;
				CLANG_WARN_DIRECT_OBJC_ISA_USAGE = YES_ERROR;
				CLANG_WARN_DOCUMENTATION_COMMENTS = YES;
				CLANG_WARN_EMPTY_BODY = YES;
				CLANG_WARN_ENUM_CONVERSION = YES;
				CLANG_WARN_INFINITE_RECURSION = YES;
				CLANG_WARN_INT_CONVERSION = YES;
				CLANG_WARN_NON_LITERAL_NULL_CONVERSION = YES;
				CLANG_WARN_OBJC_IMPLICIT_RETAIN_SELF = YES;
				CLANG_WARN_OBJC_LITERAL_CONVERSION = YES;
				CLANG_WARN_OBJC_ROOT_CLASS = YES_ERROR;
				CLANG_WARN_QUOTED_INCLUDE_IN_FRAMEWORK_HEADER = YES;
				CLANG_WARN_RANGE_LOOP_ANALYSIS = YES;
				CLANG_WARN_STRICT_PROTOTYPES = YES;
				CLANG_WARN_SUSPICIOUS_MOVE = YES;
				CLANG_WARN_UNGUARDED_AVAILABILITY = YES_AGGRESSIVE;
				CLANG_WARN_UNREACHABLE_CODE = YES;
				CLANG_WARN__DUPLICATE_METHOD_MATCH = YES;
				COPY_PHASE_STRIP = NO;
				DEBUG_INFORMATION_FORMAT = dwarf;
				ENABLE_STRICT_OBJC_MSGSEND = YES;
				ENABLE_TESTABILITY = YES;
				GCC_C_LANGUAGE_STANDARD = gnu11;
				GCC_DYNAMIC_NO_PIC = NO;
				GCC_NO_COMMON_BLOCKS = YES;
				GCC_OPTIMIZATION_LEVEL = 0;
				GCC_PREPROCESSOR_DEFINITIONS = (
					"DEBUG=1",
					"$(inherited)",
				);
				GCC_WARN_64_TO_32_BIT_CONVERSION = YES;
				GCC_WARN_ABOUT_RETURN_TYPE = YES_ERROR;
				GCC_WARN_UNDECLARED_SELECTOR = YES;
				GCC_WARN_UNINITIALIZED_AUTOS = YES_AGGRESSIVE;
				GCC_WARN_UNUSED_FUNCTION = YES;
				GCC_WARN_UNUSED_VARIABLE = YES;
				IPHONEOS_DEPLOYMENT_TARGET = 14.4;
				MTL_ENABLE_DEBUG_INFO = INCLUDE_SOURCE;
				MTL_FAST_MATH = YES;
				ONLY_ACTIVE_ARCH = YES;
				SDKROOT = iphoneos;
				SWIFT_ACTIVE_COMPILATION_CONDITIONS = DEBUG;
				SWIFT_OPTIMIZATION_LEVEL = "-Onone";
			};
			name = Debug;
		};
		FFCFB06B261361D8004C82D3 /* Release */ = {
			isa = XCBuildConfiguration;
			buildSettings = {
				ALWAYS_SEARCH_USER_PATHS = NO;
				CLANG_ANALYZER_NONNULL = YES;
				CLANG_ANALYZER_NUMBER_OBJECT_CONVERSION = YES_AGGRESSIVE;
				CLANG_CXX_LANGUAGE_STANDARD = "gnu++14";
				CLANG_CXX_LIBRARY = "libc++";
				CLANG_ENABLE_MODULES = YES;
				CLANG_ENABLE_OBJC_ARC = YES;
				CLANG_ENABLE_OBJC_WEAK = YES;
				CLANG_WARN_BLOCK_CAPTURE_AUTORELEASING = YES;
				CLANG_WARN_BOOL_CONVERSION = YES;
				CLANG_WARN_COMMA = YES;
				CLANG_WARN_CONSTANT_CONVERSION = YES;
				CLANG_WARN_DEPRECATED_OBJC_IMPLEMENTATIONS = YES;
				CLANG_WARN_DIRECT_OBJC_ISA_USAGE = YES_ERROR;
				CLANG_WARN_DOCUMENTATION_COMMENTS = YES;
				CLANG_WARN_EMPTY_BODY = YES;
				CLANG_WARN_ENUM_CONVERSION = YES;
				CLANG_WARN_INFINITE_RECURSION = YES;
				CLANG_WARN_INT_CONVERSION = YES;
				CLANG_WARN_NON_LITERAL_NULL_CONVERSION = YES;
				CLANG_WARN_OBJC_IMPLICIT_RETAIN_SELF = YES;
				CLANG_WARN_OBJC_LITERAL_CONVERSION = YES;
				CLANG_WARN_OBJC_ROOT_CLASS = YES_ERROR;
				CLANG_WARN_QUOTED_INCLUDE_IN_FRAMEWORK_HEADER = YES;
				CLANG_WARN_RANGE_LOOP_ANALYSIS = YES;
				CLANG_WARN_STRICT_PROTOTYPES = YES;
				CLANG_WARN_SUSPICIOUS_MOVE = YES;
				CLANG_WARN_UNGUARDED_AVAILABILITY = YES_AGGRESSIVE;
				CLANG_WARN_UNREACHABLE_CODE = YES;
				CLANG_WARN__DUPLICATE_METHOD_MATCH = YES;
				COPY_PHASE_STRIP = NO;
				DEBUG_INFORMATION_FORMAT = "dwarf-with-dsym";
				ENABLE_NS_ASSERTIONS = NO;
				ENABLE_STRICT_OBJC_MSGSEND = YES;
				GCC_C_LANGUAGE_STANDARD = gnu11;
				GCC_NO_COMMON_BLOCKS = YES;
				GCC_WARN_64_TO_32_BIT_CONVERSION = YES;
				GCC_WARN_ABOUT_RETURN_TYPE = YES_ERROR;
				GCC_WARN_UNDECLARED_SELECTOR = YES;
				GCC_WARN_UNINITIALIZED_AUTOS = YES_AGGRESSIVE;
				GCC_WARN_UNUSED_FUNCTION = YES;
				GCC_WARN_UNUSED_VARIABLE = YES;
				IPHONEOS_DEPLOYMENT_TARGET = 14.4;
				MTL_ENABLE_DEBUG_INFO = NO;
				MTL_FAST_MATH = YES;
				SDKROOT = iphoneos;
				SWIFT_COMPILATION_MODE = wholemodule;
				SWIFT_OPTIMIZATION_LEVEL = "-O";
				VALIDATE_PRODUCT = YES;
			};
			name = Release;
		};
		FFCFB06D261361D8004C82D3 /* Debug */ = {
			isa = XCBuildConfiguration;
			buildSettings = {
				ASSETCATALOG_COMPILER_APPICON_NAME = AppIcon;
				ASSETCATALOG_COMPILER_GLOBAL_ACCENT_COLOR_NAME = AccentColor;
				CODE_SIGN_STYLE = Automatic;
				DEVELOPMENT_ASSET_PATHS = "\"ColorAppSwiftUI/Preview Content\"";
				DEVELOPMENT_TEAM = QZLVH79HKK;
				ENABLE_PREVIEWS = YES;
				INFOPLIST_FILE = ColorAppSwiftUI/Info.plist;
				IPHONEOS_DEPLOYMENT_TARGET = 14.0;
				LD_RUNPATH_SEARCH_PATHS = (
					"$(inherited)",
					"@executable_path/Frameworks",
				);
				PRODUCT_BUNDLE_IDENTIFIER = SwiftBook.ColorAppSwiftUI;
				PRODUCT_NAME = "$(TARGET_NAME)";
				SWIFT_VERSION = 5.0;
				TARGETED_DEVICE_FAMILY = "1,2";
			};
			name = Debug;
		};
		FFCFB06E261361D8004C82D3 /* Release */ = {
			isa = XCBuildConfiguration;
			buildSettings = {
				ASSETCATALOG_COMPILER_APPICON_NAME = AppIcon;
				ASSETCATALOG_COMPILER_GLOBAL_ACCENT_COLOR_NAME = AccentColor;
				CODE_SIGN_STYLE = Automatic;
				DEVELOPMENT_ASSET_PATHS = "\"ColorAppSwiftUI/Preview Content\"";
				DEVELOPMENT_TEAM = QZLVH79HKK;
				ENABLE_PREVIEWS = YES;
				INFOPLIST_FILE = ColorAppSwiftUI/Info.plist;
				IPHONEOS_DEPLOYMENT_TARGET = 14.0;
				LD_RUNPATH_SEARCH_PATHS = (
					"$(inherited)",
					"@executable_path/Frameworks",
				);
				PRODUCT_BUNDLE_IDENTIFIER = SwiftBook.ColorAppSwiftUI;
				PRODUCT_NAME = "$(TARGET_NAME)";
				SWIFT_VERSION = 5.0;
				TARGETED_DEVICE_FAMILY = "1,2";
			};
			name = Release;
		};
/* End XCBuildConfiguration section */

/* Begin XCConfigurationList section */
		FFCFB058261361D1004C82D3 /* Build configuration list for PBXProject "ColorAppSwiftUI" */ = {
			isa = XCConfigurationList;
			buildConfigurations = (
				FFCFB06A261361D8004C82D3 /* Debug */,
				FFCFB06B261361D8004C82D3 /* Release */,
			);
			defaultConfigurationIsVisible = 0;
			defaultConfigurationName = Release;
		};
		FFCFB06C261361D8004C82D3 /* Build configuration list for PBXNativeTarget "ColorAppSwiftUI" */ = {
			isa = XCConfigurationList;
			buildConfigurations = (
				FFCFB06D261361D8004C82D3 /* Debug */,
				FFCFB06E261361D8004C82D3 /* Release */,
			);
			defaultConfigurationIsVisible = 0;
			defaultConfigurationName = Release;
		};
/* End XCConfigurationList section */
	};
	rootObject = FFCFB055261361D1004C82D3 /* Project object */;
}
